
Microsoft Visual Studio Solution File, Format Version 12.00
# Visual Studio Version 17
VisualStudioVersion = 17.0.32126.317
MinimumVisualStudioVersion = 10.0.40219.1
Project("{FAE04EC0-301F-11D3-BF4B-00C04F79EFBC}") = "pathak", "pathak\pathak.csproj", "{A1B4AB7E-9C80-4351-A20A-46C38DC6822E}"
EndProject
Global
	GlobalSection(SolutionConfigurationPlatforms) = preSolution
		Debug|Any CPU = Debug|Any CPU
		Release|Any CPU = Release|Any CPU
	EndGlobalSection
	GlobalSection(ProjectConfigurationPlatforms) = postSolution
		{A1B4AB7E-9C80-4351-A20A-46C38DC6822E}.Debug|Any CPU.ActiveCfg = Debug|Any CPU
		{A1B4AB7E-9C80-4351-A20A-46C38DC6822E}.Debug|Any CPU.Build.0 = Debug|Any CPU
		{A1B4AB7E-9C80-4351-A20A-46C38DC6822E}.Release|Any CPU.ActiveCfg = Release|Any CPU
		{A1B4AB7E-9C80-4351-A20A-46C38DC6822E}.Release|Any CPU.Build.0 = Release|Any CPU
	EndGlobalSection
	GlobalSection(SolutionProperties) = preSolution
		HideSolutionNode = FALSE
	EndGlobalSection
	GlobalSection(ExtensibilityGlobals) = postSolution
		SolutionGuid = {0019520F-A52D-4936-A1DD-D5945414BA78}
	EndGlobalSection
EndGlobal
